
Microsoft Visual Studio Solution File, Format Version 12.00
# Visual Studio 15
VisualStudioVersion = 15.0.28307.102
MinimumVisualStudioVersion = 10.0.40219.1
Project("{FAE04EC0-301F-11D3-BF4B-00C04F79EFBC}") = "ProjTesteGit", "ProjTesteGit\ProjTesteGit.csproj", "{C124370B-8E45-404B-9128-9178A4DA5F8E}"
EndProject
Global
	GlobalSection(SolutionConfigurationPlatforms) = preSolution
		Debug|Any CPU = Debug|Any CPU
		Release|Any CPU = Release|Any CPU
	EndGlobalSection
	GlobalSection(ProjectConfigurationPlatforms) = postSolution
		{C124370B-8E45-404B-9128-9178A4DA5F8E}.Debug|Any CPU.ActiveCfg = Debug|Any CPU
		{C124370B-8E45-404B-9128-9178A4DA5F8E}.Debug|Any CPU.Build.0 = Debug|Any CPU
		{C124370B-8E45-404B-9128-9178A4DA5F8E}.Release|Any CPU.ActiveCfg = Release|Any CPU
		{C124370B-8E45-404B-9128-9178A4DA5F8E}.Release|Any CPU.Build.0 = Release|Any CPU
	EndGlobalSection
	GlobalSection(SolutionProperties) = preSolution
		HideSolutionNode = FALSE
	EndGlobalSection
	GlobalSection(ExtensibilityGlobals) = postSolution
		SolutionGuid = {C6274B25-283D-48AF-AD57-F7C25F6BF17E}
	EndGlobalSection
EndGlobal
